
Microsoft Visual Studio Solution File, Format Version 12.00
Project("{FAE04EC0-301F-11D3-BF4B-00C04F79EFBC}") = "OddJobs", "OddJobs\OddJobs.csproj", "{B7DA632A-0038-406A-A1D4-2BD4D1E8DD89}"
EndProject
Global
	GlobalSection(SolutionConfigurationPlatforms) = preSolution
		Debug|Any CPU = Debug|Any CPU
		Release|Any CPU = Release|Any CPU
	EndGlobalSection
	GlobalSection(ProjectConfigurationPlatforms) = postSolution
		{B7DA632A-0038-406A-A1D4-2BD4D1E8DD89}.Debug|Any CPU.ActiveCfg = Debug|Any CPU
		{B7DA632A-0038-406A-A1D4-2BD4D1E8DD89}.Debug|Any CPU.Build.0 = Debug|Any CPU
		{B7DA632A-0038-406A-A1D4-2BD4D1E8DD89}.Release|Any CPU.ActiveCfg = Release|Any CPU
		{B7DA632A-0038-406A-A1D4-2BD4D1E8DD89}.Release|Any CPU.Build.0 = Release|Any CPU
	EndGlobalSection
EndGlobal
